
Microsoft Visual Studio Solution File, Format Version 12.00
# Visual Studio Version 17
VisualStudioVersion = 17.0.31903.59
MinimumVisualStudioVersion = 10.0.40219.1
Project("{FAE04EC0-301F-11D3-BF4B-00C04F79EFBC}") = "Server", "Server\Server.csproj", "{6BDD423B-AA0C-44AE-9E61-B2A3C7E345E0}"
EndProject
Project("{FAE04EC0-301F-11D3-BF4B-00C04F79EFBC}") = "Client", "Client\Client.csproj", "{AA3A157B-E605-4AB1-9A81-5A71AAF1E0DB}"
EndProject
Project("{FAE04EC0-301F-11D3-BF4B-00C04F79EFBC}") = "OwinWebApi", "OwinWebApi\OwinWebApi.csproj", "{A1B2C3D4-E5F6-7890-AB12-CD34EF567890}"
EndProject
Project("{FAE04EC0-301F-11D3-BF4B-00C04F79EFBC}") = "IntegrationTests", "IntegrationTests\IntegrationTests.csproj", "{B2C3D4E5-F6G7-8901-BC23-DE45FG678901}"
EndProject
Project("{2150E333-8FDC-42A3-9474-1A3956D46DE8}") = ".build", ".build", "{C5B7775B-43FD-47DD-9EB4-D6F34E1441D2}"
	ProjectSection(SolutionItems) = preProject
		.gitignore = .gitignore
		Directory.Packages.props = Directory.Packages.props
		README.md = README.md
		Run-IntegrationTests.ps1 = Run-IntegrationTests.ps1
	EndProjectSection
EndProject
Project("{2150E333-8FDC-42A3-9474-1A3956D46DE8}") = "PowerShellClient", "PowerShellClient", "{D7E8F9A0-B1C2-3D4E-5F67-890123456789}"
	ProjectSection(SolutionItems) = preProject
		PowerShellClient\PowerShellClient.psd1 = PowerShellClient\PowerShellClient.psd1
		PowerShellClient\PowerShellClient.psm1 = PowerShellClient\PowerShellClient.psm1
		PowerShellClient\Start-Client.ps1 = PowerShellClient\Start-Client.ps1
		PowerShellClient\Simple-Client.ps1 = PowerShellClient\Simple-Client.ps1
		PowerShellClient\Windows-Client.ps1 = PowerShellClient\Windows-Client.ps1
		PowerShellClient\Test-CancellationScenario.ps1 = PowerShellClient\Test-CancellationScenario.ps1
		PowerShellClient\README.md = PowerShellClient\README.md
	EndProjectSection
EndProject
Global
	GlobalSection(SolutionConfigurationPlatforms) = preSolution
		Debug|Any CPU = Debug|Any CPU
		Debug|x64 = Debug|x64
		Debug|x86 = Debug|x86
		Release|Any CPU = Release|Any CPU
		Release|x64 = Release|x64
		Release|x86 = Release|x86
	EndGlobalSection
	GlobalSection(ProjectConfigurationPlatforms) = postSolution
		{6BDD423B-AA0C-44AE-9E61-B2A3C7E345E0}.Debug|Any CPU.ActiveCfg = Debug|Any CPU
		{6BDD423B-AA0C-44AE-9E61-B2A3C7E345E0}.Debug|Any CPU.Build.0 = Debug|Any CPU
		{6BDD423B-AA0C-44AE-9E61-B2A3C7E345E0}.Debug|x64.ActiveCfg = Debug|Any CPU
		{6BDD423B-AA0C-44AE-9E61-B2A3C7E345E0}.Debug|x64.Build.0 = Debug|Any CPU
		{6BDD423B-AA0C-44AE-9E61-B2A3C7E345E0}.Debug|x86.ActiveCfg = Debug|Any CPU
		{6BDD423B-AA0C-44AE-9E61-B2A3C7E345E0}.Debug|x86.Build.0 = Debug|Any CPU
		{6BDD423B-AA0C-44AE-9E61-B2A3C7E345E0}.Release|Any CPU.ActiveCfg = Release|Any CPU
		{6BDD423B-AA0C-44AE-9E61-B2A3C7E345E0}.Release|Any CPU.Build.0 = Release|Any CPU
		{6BDD423B-AA0C-44AE-9E61-B2A3C7E345E0}.Release|x64.ActiveCfg = Release|Any CPU
		{6BDD423B-AA0C-44AE-9E61-B2A3C7E345E0}.Release|x64.Build.0 = Release|Any CPU
		{6BDD423B-AA0C-44AE-9E61-B2A3C7E345E0}.Release|x86.ActiveCfg = Release|Any CPU
		{6BDD423B-AA0C-44AE-9E61-B2A3C7E345E0}.Release|x86.Build.0 = Release|Any CPU
		{AA3A157B-E605-4AB1-9A81-5A71AAF1E0DB}.Debug|Any CPU.ActiveCfg = Debug|Any CPU
		{AA3A157B-E605-4AB1-9A81-5A71AAF1E0DB}.Debug|Any CPU.Build.0 = Debug|Any CPU
		{AA3A157B-E605-4AB1-9A81-5A71AAF1E0DB}.Debug|x64.ActiveCfg = Debug|Any CPU
		{AA3A157B-E605-4AB1-9A81-5A71AAF1E0DB}.Debug|x64.Build.0 = Debug|Any CPU
		{AA3A157B-E605-4AB1-9A81-5A71AAF1E0DB}.Debug|x86.ActiveCfg = Debug|Any CPU
		{AA3A157B-E605-4AB1-9A81-5A71AAF1E0DB}.Debug|x86.Build.0 = Debug|Any CPU
		{AA3A157B-E605-4AB1-9A81-5A71AAF1E0DB}.Release|Any CPU.ActiveCfg = Release|Any CPU
		{AA3A157B-E605-4AB1-9A81-5A71AAF1E0DB}.Release|Any CPU.Build.0 = Release|Any CPU
		{AA3A157B-E605-4AB1-9A81-5A71AAF1E0DB}.Release|x64.ActiveCfg = Release|Any CPU
		{AA3A157B-E605-4AB1-9A81-5A71AAF1E0DB}.Release|x64.Build.0 = Release|Any CPU
		{AA3A157B-E605-4AB1-9A81-5A71AAF1E0DB}.Release|x86.ActiveCfg = Release|Any CPU
		{AA3A157B-E605-4AB1-9A81-5A71AAF1E0DB}.Release|x86.Build.0 = Release|Any CPU
		{A1B2C3D4-E5F6-7890-AB12-CD34EF567890}.Debug|Any CPU.ActiveCfg = Debug|Any CPU
		{A1B2C3D4-E5F6-7890-AB12-CD34EF567890}.Debug|Any CPU.Build.0 = Debug|Any CPU
		{A1B2C3D4-E5F6-7890-AB12-CD34EF567890}.Debug|x64.ActiveCfg = Debug|Any CPU
		{A1B2C3D4-E5F6-7890-AB12-CD34EF567890}.Debug|x64.Build.0 = Debug|Any CPU
		{A1B2C3D4-E5F6-7890-AB12-CD34EF567890}.Debug|x86.ActiveCfg = Debug|Any CPU
		{A1B2C3D4-E5F6-7890-AB12-CD34EF567890}.Debug|x86.Build.0 = Debug|Any CPU
		{A1B2C3D4-E5F6-7890-AB12-CD34EF567890}.Release|Any CPU.ActiveCfg = Release|Any CPU
		{A1B2C3D4-E5F6-7890-AB12-CD34EF567890}.Release|Any CPU.Build.0 = Release|Any CPU
		{A1B2C3D4-E5F6-7890-AB12-CD34EF567890}.Release|x64.ActiveCfg = Release|Any CPU
		{A1B2C3D4-E5F6-7890-AB12-CD34EF567890}.Release|x64.Build.0 = Release|Any CPU
		{A1B2C3D4-E5F6-7890-AB12-CD34EF567890}.Release|x86.ActiveCfg = Release|Any CPU
		{A1B2C3D4-E5F6-7890-AB12-CD34EF567890}.Release|x86.Build.0 = Release|Any CPU
		{B2C3D4E5-F6G7-8901-BC23-DE45FG678901}.Debug|Any CPU.ActiveCfg = Debug|Any CPU
		{B2C3D4E5-F6G7-8901-BC23-DE45FG678901}.Debug|Any CPU.Build.0 = Debug|Any CPU
		{B2C3D4E5-F6G7-8901-BC23-DE45FG678901}.Debug|x64.ActiveCfg = Debug|Any CPU
		{B2C3D4E5-F6G7-8901-BC23-DE45FG678901}.Debug|x64.Build.0 = Debug|Any CPU
		{B2C3D4E5-F6G7-8901-BC23-DE45FG678901}.Debug|x86.ActiveCfg = Debug|Any CPU
		{B2C3D4E5-F6G7-8901-BC23-DE45FG678901}.Debug|x86.Build.0 = Debug|Any CPU
		{B2C3D4E5-F6G7-8901-BC23-DE45FG678901}.Release|Any CPU.ActiveCfg = Release|Any CPU
		{B2C3D4E5-F6G7-8901-BC23-DE45FG678901}.Release|Any CPU.Build.0 = Release|Any CPU
		{B2C3D4E5-F6G7-8901-BC23-DE45FG678901}.Release|x64.ActiveCfg = Release|Any CPU
		{B2C3D4E5-F6G7-8901-BC23-DE45FG678901}.Release|x64.Build.0 = Release|Any CPU
		{B2C3D4E5-F6G7-8901-BC23-DE45FG678901}.Release|x86.ActiveCfg = Release|Any CPU
		{B2C3D4E5-F6G7-8901-BC23-DE45FG678901}.Release|x86.Build.0 = Release|Any CPU
	EndGlobalSection
	GlobalSection(SolutionProperties) = preSolution
		HideSolutionNode = FALSE
	EndGlobalSection
EndGlobal
